
Microsoft Visual Studio Solution File, Format Version 12.00
# Visual Studio 15
VisualStudioVersion = 15.0.28307.329
MinimumVisualStudioVersion = 10.0.40219.1
Project("{FAE04EC0-301F-11D3-BF4B-00C04F79EFBC}") = "Task1", "Task1\Task1.csproj", "{011DCFF7-1D83-4322-B5DF-AFD8E0909062}"
EndProject
Project("{FAE04EC0-301F-11D3-BF4B-00C04F79EFBC}") = "Task2", "Task2\Task2.csproj", "{649006C0-9C16-469D-AA08-A4857FA95229}"
EndProject
Project("{FAE04EC0-301F-11D3-BF4B-00C04F79EFBC}") = "Task3", "Task3\Task3.csproj", "{E6635FC9-ED70-4C6A-B232-5737B86A3955}"
EndProject
Project("{FAE04EC0-301F-11D3-BF4B-00C04F79EFBC}") = "Task4", "Task4\Task4.csproj", "{F7B4E53E-DB7E-44C2-98DD-66B1629A2488}"
EndProject
Project("{FAE04EC0-301F-11D3-BF4B-00C04F79EFBC}") = "Task5", "Task5\Task5.csproj", "{C026AA55-7841-4CB4-A05E-DF7AD166EB7D}"
EndProject
Project("{FAE04EC0-301F-11D3-BF4B-00C04F79EFBC}") = "Task6", "Task6\Task6.csproj", "{68F9B1BD-1D7D-446B-8971-F4AC6889D033}"
EndProject
Project("{FAE04EC0-301F-11D3-BF4B-00C04F79EFBC}") = "Task7", "Task7\Task7.csproj", "{B3442DBA-0010-4B9D-8213-D0354E35464E}"
EndProject
Project("{FAE04EC0-301F-11D3-BF4B-00C04F79EFBC}") = "Task8.1", "Task8.1\Task8.1.csproj", "{618EEDCB-47A7-4BD1-AA86-FC62FBCB8352}"
EndProject
Project("{FAE04EC0-301F-11D3-BF4B-00C04F79EFBC}") = "Task8.2", "Task8.2\Task8.2.csproj", "{F8F98EC7-FF08-4159-AD53-E2E8DE2FCC41}"
EndProject
Global
	GlobalSection(SolutionConfigurationPlatforms) = preSolution
		Debug|Any CPU = Debug|Any CPU
		Release|Any CPU = Release|Any CPU
	EndGlobalSection
	GlobalSection(ProjectConfigurationPlatforms) = postSolution
		{011DCFF7-1D83-4322-B5DF-AFD8E0909062}.Debug|Any CPU.ActiveCfg = Debug|Any CPU
		{011DCFF7-1D83-4322-B5DF-AFD8E0909062}.Debug|Any CPU.Build.0 = Debug|Any CPU
		{011DCFF7-1D83-4322-B5DF-AFD8E0909062}.Release|Any CPU.ActiveCfg = Release|Any CPU
		{011DCFF7-1D83-4322-B5DF-AFD8E0909062}.Release|Any CPU.Build.0 = Release|Any CPU
		{649006C0-9C16-469D-AA08-A4857FA95229}.Debug|Any CPU.ActiveCfg = Debug|Any CPU
		{649006C0-9C16-469D-AA08-A4857FA95229}.Debug|Any CPU.Build.0 = Debug|Any CPU
		{649006C0-9C16-469D-AA08-A4857FA95229}.Release|Any CPU.ActiveCfg = Release|Any CPU
		{649006C0-9C16-469D-AA08-A4857FA95229}.Release|Any CPU.Build.0 = Release|Any CPU
		{E6635FC9-ED70-4C6A-B232-5737B86A3955}.Debug|Any CPU.ActiveCfg = Debug|Any CPU
		{E6635FC9-ED70-4C6A-B232-5737B86A3955}.Debug|Any CPU.Build.0 = Debug|Any CPU
		{E6635FC9-ED70-4C6A-B232-5737B86A3955}.Release|Any CPU.ActiveCfg = Release|Any CPU
		{E6635FC9-ED70-4C6A-B232-5737B86A3955}.Release|Any CPU.Build.0 = Release|Any CPU
		{F7B4E53E-DB7E-44C2-98DD-66B1629A2488}.Debug|Any CPU.ActiveCfg = Debug|Any CPU
		{F7B4E53E-DB7E-44C2-98DD-66B1629A2488}.Debug|Any CPU.Build.0 = Debug|Any CPU
		{F7B4E53E-DB7E-44C2-98DD-66B1629A2488}.Release|Any CPU.ActiveCfg = Release|Any CPU
		{F7B4E53E-DB7E-44C2-98DD-66B1629A2488}.Release|Any CPU.Build.0 = Release|Any CPU
		{C026AA55-7841-4CB4-A05E-DF7AD166EB7D}.Debug|Any CPU.ActiveCfg = Debug|Any CPU
		{C026AA55-7841-4CB4-A05E-DF7AD166EB7D}.Debug|Any CPU.Build.0 = Debug|Any CPU
		{C026AA55-7841-4CB4-A05E-DF7AD166EB7D}.Release|Any CPU.ActiveCfg = Release|Any CPU
		{C026AA55-7841-4CB4-A05E-DF7AD166EB7D}.Release|Any CPU.Build.0 = Release|Any CPU
		{68F9B1BD-1D7D-446B-8971-F4AC6889D033}.Debug|Any CPU.ActiveCfg = Debug|Any CPU
		{68F9B1BD-1D7D-446B-8971-F4AC6889D033}.Debug|Any CPU.Build.0 = Debug|Any CPU
		{68F9B1BD-1D7D-446B-8971-F4AC6889D033}.Release|Any CPU.ActiveCfg = Release|Any CPU
		{68F9B1BD-1D7D-446B-8971-F4AC6889D033}.Release|Any CPU.Build.0 = Release|Any CPU
		{B3442DBA-0010-4B9D-8213-D0354E35464E}.Debug|Any CPU.ActiveCfg = Debug|Any CPU
		{B3442DBA-0010-4B9D-8213-D0354E35464E}.Debug|Any CPU.Build.0 = Debug|Any CPU
		{B3442DBA-0010-4B9D-8213-D0354E35464E}.Release|Any CPU.ActiveCfg = Release|Any CPU
		{B3442DBA-0010-4B9D-8213-D0354E35464E}.Release|Any CPU.Build.0 = Release|Any CPU
		{618EEDCB-47A7-4BD1-AA86-FC62FBCB8352}.Debug|Any CPU.ActiveCfg = Debug|Any CPU
		{618EEDCB-47A7-4BD1-AA86-FC62FBCB8352}.Debug|Any CPU.Build.0 = Debug|Any CPU
		{618EEDCB-47A7-4BD1-AA86-FC62FBCB8352}.Release|Any CPU.ActiveCfg = Release|Any CPU
		{618EEDCB-47A7-4BD1-AA86-FC62FBCB8352}.Release|Any CPU.Build.0 = Release|Any CPU
		{F8F98EC7-FF08-4159-AD53-E2E8DE2FCC41}.Debug|Any CPU.ActiveCfg = Debug|Any CPU
		{F8F98EC7-FF08-4159-AD53-E2E8DE2FCC41}.Debug|Any CPU.Build.0 = Debug|Any CPU
		{F8F98EC7-FF08-4159-AD53-E2E8DE2FCC41}.Release|Any CPU.ActiveCfg = Release|Any CPU
		{F8F98EC7-FF08-4159-AD53-E2E8DE2FCC41}.Release|Any CPU.Build.0 = Release|Any CPU
	EndGlobalSection
	GlobalSection(SolutionProperties) = preSolution
		HideSolutionNode = FALSE
	EndGlobalSection
	GlobalSection(ExtensibilityGlobals) = postSolution
		SolutionGuid = {7A4C29DA-2FAB-4951-BB1A-2ACE1DA855ED}
	EndGlobalSection
EndGlobal
